
Microsoft Visual Studio Solution File, Format Version 12.00
# Visual Studio Version 17
VisualStudioVersion = 17.12.35527.113 d17.12
MinimumVisualStudioVersion = 10.0.40219.1
Project("{FAE04EC0-301F-11D3-BF4B-00C04F79EFBC}") = "Maze", "Maze\Maze.csproj", "{211BB741-E66D-42CD-A226-F21D753E760C}"
EndProject
Global
	GlobalSection(SolutionConfigurationPlatforms) = preSolution
		Debug|Any CPU = Debug|Any CPU
		Release|Any CPU = Release|Any CPU
	EndGlobalSection
	GlobalSection(ProjectConfigurationPlatforms) = postSolution
		{211BB741-E66D-42CD-A226-F21D753E760C}.Debug|Any CPU.ActiveCfg = Debug|Any CPU
		{211BB741-E66D-42CD-A226-F21D753E760C}.Debug|Any CPU.Build.0 = Debug|Any CPU
		{211BB741-E66D-42CD-A226-F21D753E760C}.Release|Any CPU.ActiveCfg = Release|Any CPU
		{211BB741-E66D-42CD-A226-F21D753E760C}.Release|Any CPU.Build.0 = Release|Any CPU
	EndGlobalSection
	GlobalSection(SolutionProperties) = preSolution
		HideSolutionNode = FALSE
	EndGlobalSection
EndGlobal
